
Microsoft Visual Studio Solution File, Format Version 12.00
# Visual Studio Version 16
VisualStudioVersion = 16.0.31321.278
MinimumVisualStudioVersion = 10.0.40219.1
Project("{FAE04EC0-301F-11D3-BF4B-00C04F79EFBC}") = "EFCourtStatements", "EFCourtStatements.csproj", "{5EE87F1D-C668-4EFE-B5D2-C4CC734C4489}"
EndProject
Global
	GlobalSection(SolutionConfigurationPlatforms) = preSolution
		Debug|Any CPU = Debug|Any CPU
		Release|Any CPU = Release|Any CPU
	EndGlobalSection
	GlobalSection(ProjectConfigurationPlatforms) = postSolution
		{5EE87F1D-C668-4EFE-B5D2-C4CC734C4489}.Debug|Any CPU.ActiveCfg = Debug|Any CPU
		{5EE87F1D-C668-4EFE-B5D2-C4CC734C4489}.Debug|Any CPU.Build.0 = Debug|Any CPU
		{5EE87F1D-C668-4EFE-B5D2-C4CC734C4489}.Release|Any CPU.ActiveCfg = Release|Any CPU
		{5EE87F1D-C668-4EFE-B5D2-C4CC734C4489}.Release|Any CPU.Build.0 = Release|Any CPU
	EndGlobalSection
	GlobalSection(SolutionProperties) = preSolution
		HideSolutionNode = FALSE
	EndGlobalSection
	GlobalSection(ExtensibilityGlobals) = postSolution
		SolutionGuid = {C472C067-E5C0-4F10-BC6F-6EBB3863BD93}
	EndGlobalSection
EndGlobal
